
Microsoft Visual Studio Solution File, Format Version 12.00
# Visual Studio 15
VisualStudioVersion = 15.0.28307.329
MinimumVisualStudioVersion = 10.0.40219.1
Project("{FAE04EC0-301F-11D3-BF4B-00C04F79EFBC}") = "LegacyApp.Web", "LegacyApp.Web\LegacyApp.Web.csproj", "{4C1AB966-8155-4323-AD91-A6BD051DFC1C}"
EndProject
Project("{FAE04EC0-301F-11D3-BF4B-00C04F79EFBC}") = "LegacyApp.Batch", "LegacyApp.Batch\LegacyApp.Batch.csproj", "{6E3D7B16-BA3F-4556-BA7E-8DEF825356E6}"
EndProject
Project("{FAE04EC0-301F-11D3-BF4B-00C04F79EFBC}") = "LegacyApp.Desktop", "LegacyApp.Desktop\LegacyApp.Desktop.csproj", "{3F1437C6-D5D7-4870-9ABE-CED4D8613392}"
EndProject
Project("{2150E333-8FDC-42A3-9474-1A3956D46DE8}") = "Batch", "Batch", "{F835BB11-2C6C-4473-AF41-95E9C6C220B6}"
EndProject
Project("{2150E333-8FDC-42A3-9474-1A3956D46DE8}") = "Desktop", "Desktop", "{FE67D529-928E-4847-B3E3-89924D653977}"
EndProject
Project("{2150E333-8FDC-42A3-9474-1A3956D46DE8}") = "Web", "Web", "{375222AB-2B1F-4D08-A77F-CAF684F9B72E}"
EndProject
Global
	GlobalSection(SolutionConfigurationPlatforms) = preSolution
		Debug|Any CPU = Debug|Any CPU
		Release|Any CPU = Release|Any CPU
	EndGlobalSection
	GlobalSection(ProjectConfigurationPlatforms) = postSolution
		{4C1AB966-8155-4323-AD91-A6BD051DFC1C}.Debug|Any CPU.ActiveCfg = Debug|Any CPU
		{4C1AB966-8155-4323-AD91-A6BD051DFC1C}.Debug|Any CPU.Build.0 = Debug|Any CPU
		{4C1AB966-8155-4323-AD91-A6BD051DFC1C}.Release|Any CPU.ActiveCfg = Release|Any CPU
		{4C1AB966-8155-4323-AD91-A6BD051DFC1C}.Release|Any CPU.Build.0 = Release|Any CPU
		{6E3D7B16-BA3F-4556-BA7E-8DEF825356E6}.Debug|Any CPU.ActiveCfg = Debug|Any CPU
		{6E3D7B16-BA3F-4556-BA7E-8DEF825356E6}.Debug|Any CPU.Build.0 = Debug|Any CPU
		{6E3D7B16-BA3F-4556-BA7E-8DEF825356E6}.Release|Any CPU.ActiveCfg = Release|Any CPU
		{6E3D7B16-BA3F-4556-BA7E-8DEF825356E6}.Release|Any CPU.Build.0 = Release|Any CPU
		{3F1437C6-D5D7-4870-9ABE-CED4D8613392}.Debug|Any CPU.ActiveCfg = Debug|Any CPU
		{3F1437C6-D5D7-4870-9ABE-CED4D8613392}.Debug|Any CPU.Build.0 = Debug|Any CPU
		{3F1437C6-D5D7-4870-9ABE-CED4D8613392}.Release|Any CPU.ActiveCfg = Release|Any CPU
		{3F1437C6-D5D7-4870-9ABE-CED4D8613392}.Release|Any CPU.Build.0 = Release|Any CPU
	EndGlobalSection
	GlobalSection(SolutionProperties) = preSolution
		HideSolutionNode = FALSE
	EndGlobalSection
	GlobalSection(NestedProjects) = preSolution
		{4C1AB966-8155-4323-AD91-A6BD051DFC1C} = {375222AB-2B1F-4D08-A77F-CAF684F9B72E}
		{6E3D7B16-BA3F-4556-BA7E-8DEF825356E6} = {F835BB11-2C6C-4473-AF41-95E9C6C220B6}
		{3F1437C6-D5D7-4870-9ABE-CED4D8613392} = {FE67D529-928E-4847-B3E3-89924D653977}
	EndGlobalSection
	GlobalSection(ExtensibilityGlobals) = postSolution
		SolutionGuid = {DC0A84B4-1AC3-409C-BFEC-B8DA2A1347FC}
	EndGlobalSection
EndGlobal
