
Microsoft Visual Studio Solution File, Format Version 12.00
# Visual Studio 15
VisualStudioVersion = 15.0.28307.421
MinimumVisualStudioVersion = 10.0.40219.1
Project("{FAE04EC0-301F-11D3-BF4B-00C04F79EFBC}") = "Resiliency.Api", "Resiliency.Api\Resiliency.Api.csproj", "{EB14BB33-1C4E-4184-A321-62B89E1C027A}"
EndProject
Project("{FAE04EC0-301F-11D3-BF4B-00C04F79EFBC}") = "Resiliency.Client", "Resiliency.Client\Resiliency.Client.csproj", "{D337F3CF-1A0C-45C0-858D-5484AE4F2113}"
EndProject
Project("{FAE04EC0-301F-11D3-BF4B-00C04F79EFBC}") = "Resiliency.Dependency", "Resiliency.Dependency\Resiliency.Dependency.csproj", "{23B3F9BE-5DE8-4A75-B85D-39B4E77E808A}"
EndProject
Project("{FAE04EC0-301F-11D3-BF4B-00C04F79EFBC}") = "Resiliency.Dependency.Fallback", "Resiliency.Dependency.Fallback\Resiliency.Dependency.Fallback.csproj", "{C11B5136-0597-4B82-A58B-1AE3F410321E}"
EndProject
Project("{FAE04EC0-301F-11D3-BF4B-00C04F79EFBC}") = "Resiliency.Cache", "Resiliency.Cache\Resiliency.Cache.csproj", "{16DC1A72-859B-4E98-B99D-65D35851DBCF}"
EndProject
Global
	GlobalSection(SolutionConfigurationPlatforms) = preSolution
		Debug|Any CPU = Debug|Any CPU
		Release|Any CPU = Release|Any CPU
	EndGlobalSection
	GlobalSection(ProjectConfigurationPlatforms) = postSolution
		{EB14BB33-1C4E-4184-A321-62B89E1C027A}.Debug|Any CPU.ActiveCfg = Debug|Any CPU
		{EB14BB33-1C4E-4184-A321-62B89E1C027A}.Debug|Any CPU.Build.0 = Debug|Any CPU
		{EB14BB33-1C4E-4184-A321-62B89E1C027A}.Release|Any CPU.ActiveCfg = Release|Any CPU
		{EB14BB33-1C4E-4184-A321-62B89E1C027A}.Release|Any CPU.Build.0 = Release|Any CPU
		{D337F3CF-1A0C-45C0-858D-5484AE4F2113}.Debug|Any CPU.ActiveCfg = Debug|Any CPU
		{D337F3CF-1A0C-45C0-858D-5484AE4F2113}.Debug|Any CPU.Build.0 = Debug|Any CPU
		{D337F3CF-1A0C-45C0-858D-5484AE4F2113}.Release|Any CPU.ActiveCfg = Release|Any CPU
		{D337F3CF-1A0C-45C0-858D-5484AE4F2113}.Release|Any CPU.Build.0 = Release|Any CPU
		{23B3F9BE-5DE8-4A75-B85D-39B4E77E808A}.Debug|Any CPU.ActiveCfg = Debug|Any CPU
		{23B3F9BE-5DE8-4A75-B85D-39B4E77E808A}.Debug|Any CPU.Build.0 = Debug|Any CPU
		{23B3F9BE-5DE8-4A75-B85D-39B4E77E808A}.Release|Any CPU.ActiveCfg = Release|Any CPU
		{23B3F9BE-5DE8-4A75-B85D-39B4E77E808A}.Release|Any CPU.Build.0 = Release|Any CPU
		{C11B5136-0597-4B82-A58B-1AE3F410321E}.Debug|Any CPU.ActiveCfg = Debug|Any CPU
		{C11B5136-0597-4B82-A58B-1AE3F410321E}.Debug|Any CPU.Build.0 = Debug|Any CPU
		{C11B5136-0597-4B82-A58B-1AE3F410321E}.Release|Any CPU.ActiveCfg = Release|Any CPU
		{C11B5136-0597-4B82-A58B-1AE3F410321E}.Release|Any CPU.Build.0 = Release|Any CPU
		{16DC1A72-859B-4E98-B99D-65D35851DBCF}.Debug|Any CPU.ActiveCfg = Debug|Any CPU
		{16DC1A72-859B-4E98-B99D-65D35851DBCF}.Debug|Any CPU.Build.0 = Debug|Any CPU
		{16DC1A72-859B-4E98-B99D-65D35851DBCF}.Release|Any CPU.ActiveCfg = Release|Any CPU
		{16DC1A72-859B-4E98-B99D-65D35851DBCF}.Release|Any CPU.Build.0 = Release|Any CPU
	EndGlobalSection
	GlobalSection(SolutionProperties) = preSolution
		HideSolutionNode = FALSE
	EndGlobalSection
	GlobalSection(ExtensibilityGlobals) = postSolution
		SolutionGuid = {C3781934-4271-4655-86E9-FB3EBF782BA8}
	EndGlobalSection
EndGlobal
